
Microsoft Visual Studio Solution File, Format Version 12.00
# Visual Studio Version 17
VisualStudioVersion = 17.8.34408.163
MinimumVisualStudioVersion = 10.0.40219.1
Project("{9A19103F-16F7-4668-BE54-9A1E7A4F7556}") = "PPE3", "PPE3\PPE3.csproj", "{D8EA4365-27E8-4B66-AC05-37DDF3FF8008}"
EndProject
Global
	GlobalSection(SolutionConfigurationPlatforms) = preSolution
		Debug|Any CPU = Debug|Any CPU
		Release|Any CPU = Release|Any CPU
	EndGlobalSection
	GlobalSection(ProjectConfigurationPlatforms) = postSolution
		{D8EA4365-27E8-4B66-AC05-37DDF3FF8008}.Debug|Any CPU.ActiveCfg = Debug|Any CPU
		{D8EA4365-27E8-4B66-AC05-37DDF3FF8008}.Debug|Any CPU.Build.0 = Debug|Any CPU
		{D8EA4365-27E8-4B66-AC05-37DDF3FF8008}.Release|Any CPU.ActiveCfg = Release|Any CPU
		{D8EA4365-27E8-4B66-AC05-37DDF3FF8008}.Release|Any CPU.Build.0 = Release|Any CPU
	EndGlobalSection
	GlobalSection(SolutionProperties) = preSolution
		HideSolutionNode = FALSE
	EndGlobalSection
	GlobalSection(ExtensibilityGlobals) = postSolution
		SolutionGuid = {02E056BA-2AFB-4879-8E78-579A8F8BD254}
	EndGlobalSection
EndGlobal
